// !$*UTF8*$!
{
	archiveVersion = 1;
	classes = {
	};
	objectVersion = 46;
	objects = {

/* Begin PBXBuildFile section */
		F2AEB4761E832FB200AE6747 /* tweet.json in Resources */ = {isa = PBXBuildFile; fileRef = F2AEB4751E832FB200AE6747 /* tweet.json */; };
		F2AEB4781E83302300AE6747 /* Tweet.swift in Sources */ = {isa = PBXBuildFile; fileRef = F2AEB4771E83302300AE6747 /* Tweet.swift */; };
		F2AEB47A1E83304B00AE6747 /* User.swift in Sources */ = {isa = PBXBuildFile; fileRef = F2AEB4791E83304B00AE6747 /* User.swift */; };
		F2AEB47C1E83307900AE6747 /* JSONParser.swift in Sources */ = {isa = PBXBuildFile; fileRef = F2AEB47B1E83307900AE6747 /* JSONParser.swift */; };
		F2AEB47E1E8330B600AE6747 /* HomeTimelineViewController.swift in Sources */ = {isa = PBXBuildFile; fileRef = F2AEB47D1E8330B600AE6747 /* HomeTimelineViewController.swift */; };
		F2AEB4801E8330E800AE6747 /* AppDelegate.swift in Sources */ = {isa = PBXBuildFile; fileRef = F2AEB47F1E8330E800AE6747 /* AppDelegate.swift */; };
		F2AEB4821E83322000AE6747 /* API.swift in Sources */ = {isa = PBXBuildFile; fileRef = F2AEB4811E83322000AE6747 /* API.swift */; };
		F2BA90681E803F5800FC9B22 /* Main.storyboard in Resources */ = {isa = PBXBuildFile; fileRef = F2BA90661E803F5800FC9B22 /* Main.storyboard */; };
		F2BA906A1E803F5800FC9B22 /* Assets.xcassets in Resources */ = {isa = PBXBuildFile; fileRef = F2BA90691E803F5800FC9B22 /* Assets.xcassets */; };
		F2BA906D1E803F5800FC9B22 /* LaunchScreen.storyboard in Resources */ = {isa = PBXBuildFile; fileRef = F2BA906B1E803F5800FC9B22 /* LaunchScreen.storyboard */; };
/* End PBXBuildFile section */

/* Begin PBXFileReference section */
		F2AEB4751E832FB200AE6747 /* tweet.json */ = {isa = PBXFileReference; fileEncoding = 4; lastKnownFileType = text.json; path = tweet.json; sourceTree = "<group>"; };
		F2AEB4771E83302300AE6747 /* Tweet.swift */ = {isa = PBXFileReference; fileEncoding = 4; lastKnownFileType = sourcecode.swift; path = Tweet.swift; sourceTree = "<group>"; };
		F2AEB4791E83304B00AE6747 /* User.swift */ = {isa = PBXFileReference; fileEncoding = 4; lastKnownFileType = sourcecode.swift; path = User.swift; sourceTree = "<group>"; };
		F2AEB47B1E83307900AE6747 /* JSONParser.swift */ = {isa = PBXFileReference; fileEncoding = 4; lastKnownFileType = sourcecode.swift; path = JSONParser.swift; sourceTree = "<group>"; };
		F2AEB47D1E8330B600AE6747 /* HomeTimelineViewController.swift */ = {isa = PBXFileReference; fileEncoding = 4; lastKnownFileType = sourcecode.swift; path = HomeTimelineViewController.swift; sourceTree = "<group>"; };
		F2AEB47F1E8330E800AE6747 /* AppDelegate.swift */ = {isa = PBXFileReference; fileEncoding = 4; lastKnownFileType = sourcecode.swift; path = AppDelegate.swift; sourceTree = "<group>"; };
		F2AEB4811E83322000AE6747 /* API.swift */ = {isa = PBXFileReference; fileEncoding = 4; lastKnownFileType = sourcecode.swift; path = API.swift; sourceTree = "<group>"; };
		F2BA905F1E803F5800FC9B22 /* Twitter-Client.app */ = {isa = PBXFileReference; explicitFileType = wrapper.application; includeInIndex = 0; path = "Twitter-Client.app"; sourceTree = BUILT_PRODUCTS_DIR; };
		F2BA90671E803F5800FC9B22 /* Base */ = {isa = PBXFileReference; lastKnownFileType = file.storyboard; name = Base; path = Base.lproj/Main.storyboard; sourceTree = "<group>"; };
		F2BA90691E803F5800FC9B22 /* Assets.xcassets */ = {isa = PBXFileReference; lastKnownFileType = folder.assetcatalog; path = Assets.xcassets; sourceTree = "<group>"; };
		F2BA906C1E803F5800FC9B22 /* Base */ = {isa = PBXFileReference; lastKnownFileType = file.storyboard; name = Base; path = Base.lproj/LaunchScreen.storyboard; sourceTree = "<group>"; };
		F2BA906E1E803F5800FC9B22 /* Info.plist */ = {isa = PBXFileReference; lastKnownFileType = text.plist.xml; path = Info.plist; sourceTree = "<group>"; };
/* End PBXFileReference section */

/* Begin PBXFrameworksBuildPhase section */
		F2BA905C1E803F5700FC9B22 /* Frameworks */ = {
			isa = PBXFrameworksBuildPhase;
			buildActionMask = 2147483647;
			files = (
			);
			runOnlyForDeploymentPostprocessing = 0;
		};
/* End PBXFrameworksBuildPhase section */

/* Begin PBXGroup section */
		F23A05FB1E8197A2009B1B0A /* View */ = {
			isa = PBXGroup;
			children = (
				F2BA90661E803F5800FC9B22 /* Main.storyboard */,
				F2BA906B1E803F5800FC9B22 /* LaunchScreen.storyboard */,
			);
			name = View;
			sourceTree = "<group>";
		};
		F23A05FC1E8197FD009B1B0A /* Controller */ = {
			isa = PBXGroup;
			children = (
				F2AEB47F1E8330E800AE6747 /* AppDelegate.swift */,
				F2AEB47D1E8330B600AE6747 /* HomeTimelineViewController.swift */,
			);
			name = Controller;
			sourceTree = "<group>";
		};
		F23A05FD1E819809009B1B0A /* Model */ = {
			isa = PBXGroup;
			children = (
				F2AEB47B1E83307900AE6747 /* JSONParser.swift */,
				F2AEB4771E83302300AE6747 /* Tweet.swift */,
				F2AEB4791E83304B00AE6747 /* User.swift */,
				F2AEB4751E832FB200AE6747 /* tweet.json */,
				F2AEB4811E83322000AE6747 /* API.swift */,
			);
			name = Model;
			sourceTree = "<group>";
		};
		F2BA90561E803F5700FC9B22 = {
			isa = PBXGroup;
			children = (
				F2BA90611E803F5800FC9B22 /* Twitter-Client */,
				F2BA90601E803F5800FC9B22 /* Products */,
			);
			sourceTree = "<group>";
		};
		F2BA90601E803F5800FC9B22 /* Products */ = {
			isa = PBXGroup;
			children = (
				F2BA905F1E803F5800FC9B22 /* Twitter-Client.app */,
			);
			name = Products;
			sourceTree = "<group>";
		};
		F2BA90611E803F5800FC9B22 /* Twitter-Client */ = {
			isa = PBXGroup;
			children = (
				F23A05FD1E819809009B1B0A /* Model */,
				F23A05FC1E8197FD009B1B0A /* Controller */,
				F23A05FB1E8197A2009B1B0A /* View */,
				F2BA90691E803F5800FC9B22 /* Assets.xcassets */,
				F2BA906E1E803F5800FC9B22 /* Info.plist */,
			);
			path = "Twitter-Client";
			sourceTree = "<group>";
		};
/* End PBXGroup section */

/* Begin PBXNativeTarget section */
		F2BA905E1E803F5700FC9B22 /* Twitter-Client */ = {
			isa = PBXNativeTarget;
			buildConfigurationList = F2BA90711E803F5800FC9B22 /* Build configuration list for PBXNativeTarget "Twitter-Client" */;
			buildPhases = (
				F2BA905B1E803F5700FC9B22 /* Sources */,
				F2BA905C1E803F5700FC9B22 /* Frameworks */,
				F2BA905D1E803F5700FC9B22 /* Resources */,
			);
			buildRules = (
			);
			dependencies = (
			);
			name = "Twitter-Client";
			productName = "Twitter-Client";
			productReference = F2BA905F1E803F5800FC9B22 /* Twitter-Client.app */;
			productType = "com.apple.product-type.application";
		};
/* End PBXNativeTarget section */

/* Begin PBXProject section */
		F2BA90571E803F5700FC9B22 /* Project object */ = {
			isa = PBXProject;
			attributes = {
				LastSwiftUpdateCheck = 0820;
				LastUpgradeCheck = 0820;
				ORGANIZATIONNAME = "Annie Ton-Nu";
				TargetAttributes = {
					F2BA905E1E803F5700FC9B22 = {
						CreatedOnToolsVersion = 8.2.1;
						DevelopmentTeam = YRM5N9P8B5;
						ProvisioningStyle = Automatic;
					};
				};
			};
			buildConfigurationList = F2BA905A1E803F5700FC9B22 /* Build configuration list for PBXProject "Twitter-Client" */;
			compatibilityVersion = "Xcode 3.2";
			developmentRegion = English;
			hasScannedForEncodings = 0;
			knownRegions = (
				en,
				Base,
			);
			mainGroup = F2BA90561E803F5700FC9B22;
			productRefGroup = F2BA90601E803F5800FC9B22 /* Products */;
			projectDirPath = "";
			projectRoot = "";
			targets = (
				F2BA905E1E803F5700FC9B22 /* Twitter-Client */,
			);
		};
/* End PBXProject section */

/* Begin PBXResourcesBuildPhase section */
		F2BA905D1E803F5700FC9B22 /* Resources */ = {
			isa = PBXResourcesBuildPhase;
			buildActionMask = 2147483647;
			files = (
				F2BA906D1E803F5800FC9B22 /* LaunchScreen.storyboard in Resources */,
				F2BA906A1E803F5800FC9B22 /* Assets.xcassets in Resources */,
				F2BA90681E803F5800FC9B22 /* Main.storyboard in Resources */,
				F2AEB4761E832FB200AE6747 /* tweet.json in Resources */,
			);
			runOnlyForDeploymentPostprocessing = 0;
		};
/* End PBXResourcesBuildPhase section */

/* Begin PBXSourcesBuildPhase section */
		F2BA905B1E803F5700FC9B22 /* Sources */ = {
			isa = PBXSourcesBuildPhase;
			buildActionMask = 2147483647;
			files = (
				F2AEB4781E83302300AE6747 /* Tweet.swift in Sources */,
				F2AEB47C1E83307900AE6747 /* JSONParser.swift in Sources */,
				F2AEB47A1E83304B00AE6747 /* User.swift in Sources */,
				F2AEB4801E8330E800AE6747 /* AppDelegate.swift in Sources */,
				F2AEB4821E83322000AE6747 /* API.swift in Sources */,
				F2AEB47E1E8330B600AE6747 /* HomeTimelineViewController.swift in Sources */,
			);
			runOnlyForDeploymentPostprocessing = 0;
		};
/* End PBXSourcesBuildPhase section */

/* Begin PBXVariantGroup section */
		F2BA90661E803F5800FC9B22 /* Main.storyboard */ = {
			isa = PBXVariantGroup;
			children = (
				F2BA90671E803F5800FC9B22 /* Base */,
			);
			name = Main.storyboard;
			sourceTree = "<group>";
		};
		F2BA906B1E803F5800FC9B22 /* LaunchScreen.storyboard */ = {
			isa = PBXVariantGroup;
			children = (
				F2BA906C1E803F5800FC9B22 /* Base */,
			);
			name = LaunchScreen.storyboard;
			sourceTree = "<group>";
		};
/* End PBXVariantGroup section */

/* Begin XCBuildConfiguration section */
		F2BA906F1E803F5800FC9B22 /* Debug */ = {
			isa = XCBuildConfiguration;
			buildSettings = {
				ALWAYS_SEARCH_USER_PATHS = NO;
				CLANG_ANALYZER_NONNULL = YES;
				CLANG_CXX_LANGUAGE_STANDARD = "gnu++0x";
				CLANG_CXX_LIBRARY = "libc++";
				CLANG_ENABLE_MODULES = YES;
				CLANG_ENABLE_OBJC_ARC = YES;
				CLANG_WARN_BOOL_CONVERSION = YES;
				CLANG_WARN_CONSTANT_CONVERSION = YES;
				CLANG_WARN_DIRECT_OBJC_ISA_USAGE = YES_ERROR;
				CLANG_WARN_DOCUMENTATION_COMMENTS = YES;
				CLANG_WARN_EMPTY_BODY = YES;
				CLANG_WARN_ENUM_CONVERSION = YES;
				CLANG_WARN_INFINITE_RECURSION = YES;
				CLANG_WARN_INT_CONVERSION = YES;
				CLANG_WARN_OBJC_ROOT_CLASS = YES_ERROR;
				CLANG_WARN_SUSPICIOUS_MOVE = YES;
				CLANG_WARN_UNREACHABLE_CODE = YES;
				CLANG_WARN__DUPLICATE_METHOD_MATCH = YES;
				"CODE_SIGN_IDENTITY[sdk=iphoneos*]" = "iPhone Developer";
				COPY_PHASE_STRIP = NO;
				DEBUG_INFORMATION_FORMAT = dwarf;
				ENABLE_STRICT_OBJC_MSGSEND = YES;
				ENABLE_TESTABILITY = YES;
				GCC_C_LANGUAGE_STANDARD = gnu99;
				GCC_DYNAMIC_NO_PIC = NO;
				GCC_NO_COMMON_BLOCKS = YES;
				GCC_OPTIMIZATION_LEVEL = 0;
				GCC_PREPROCESSOR_DEFINITIONS = (
					"DEBUG=1",
					"$(inherited)",
				);
				GCC_WARN_64_TO_32_BIT_CONVERSION = YES;
				GCC_WARN_ABOUT_RETURN_TYPE = YES_ERROR;
				GCC_WARN_UNDECLARED_SELECTOR = YES;
				GCC_WARN_UNINITIALIZED_AUTOS = YES_AGGRESSIVE;
				GCC_WARN_UNUSED_FUNCTION = YES;
				GCC_WARN_UNUSED_VARIABLE = YES;
				IPHONEOS_DEPLOYMENT_TARGET = 10.2;
				MTL_ENABLE_DEBUG_INFO = YES;
				ONLY_ACTIVE_ARCH = YES;
				SDKROOT = iphoneos;
				SWIFT_ACTIVE_COMPILATION_CONDITIONS = DEBUG;
				SWIFT_OPTIMIZATION_LEVEL = "-Onone";
				TARGETED_DEVICE_FAMILY = "1,2";
			};
			name = Debug;
		};
		F2BA90701E803F5800FC9B22 /* Release */ = {
			isa = XCBuildConfiguration;
			buildSettings = {
				ALWAYS_SEARCH_USER_PATHS = NO;
				CLANG_ANALYZER_NONNULL = YES;
				CLANG_CXX_LANGUAGE_STANDARD = "gnu++0x";
				CLANG_CXX_LIBRARY = "libc++";
				CLANG_ENABLE_MODULES = YES;
				CLANG_ENABLE_OBJC_ARC = YES;
				CLANG_WARN_BOOL_CONVERSION = YES;
				CLANG_WARN_CONSTANT_CONVERSION = YES;
				CLANG_WARN_DIRECT_OBJC_ISA_USAGE = YES_ERROR;
				CLANG_WARN_DOCUMENTATION_COMMENTS = YES;
				CLANG_WARN_EMPTY_BODY = YES;
				CLANG_WARN_ENUM_CONVERSION = YES;
				CLANG_WARN_INFINITE_RECURSION = YES;
				CLANG_WARN_INT_CONVERSION = YES;
				CLANG_WARN_OBJC_ROOT_CLASS = YES_ERROR;
				CLANG_WARN_SUSPICIOUS_MOVE = YES;
				CLANG_WARN_UNREACHABLE_CODE = YES;
				CLANG_WARN__DUPLICATE_METHOD_MATCH = YES;
				"CODE_SIGN_IDENTITY[sdk=iphoneos*]" = "iPhone Developer";
				COPY_PHASE_STRIP = NO;
				DEBUG_INFORMATION_FORMAT = "dwarf-with-dsym";
				ENABLE_NS_ASSERTIONS = NO;
				ENABLE_STRICT_OBJC_MSGSEND = YES;
				GCC_C_LANGUAGE_STANDARD = gnu99;
				GCC_NO_COMMON_BLOCKS = YES;
				GCC_WARN_64_TO_32_BIT_CONVERSION = YES;
				GCC_WARN_ABOUT_RETURN_TYPE = YES_ERROR;
				GCC_WARN_UNDECLARED_SELECTOR = YES;
				GCC_WARN_UNINITIALIZED_AUTOS = YES_AGGRESSIVE;
				GCC_WARN_UNUSED_FUNCTION = YES;
				GCC_WARN_UNUSED_VARIABLE = YES;
				IPHONEOS_DEPLOYMENT_TARGET = 10.2;
				MTL_ENABLE_DEBUG_INFO = NO;
				SDKROOT = iphoneos;
				SWIFT_OPTIMIZATION_LEVEL = "-Owholemodule";
				TARGETED_DEVICE_FAMILY = "1,2";
				VALIDATE_PRODUCT = YES;
			};
			name = Release;
		};
		F2BA90721E803F5800FC9B22 /* Debug */ = {
			isa = XCBuildConfiguration;
			buildSettings = {
				ASSETCATALOG_COMPILER_APPICON_NAME = AppIcon;
				DEVELOPMENT_TEAM = YRM5N9P8B5;
				INFOPLIST_FILE = "Twitter-Client/Info.plist";
				LD_RUNPATH_SEARCH_PATHS = "$(inherited) @executable_path/Frameworks";
				PRODUCT_BUNDLE_IDENTIFIER = "com.annietonnu.Twitter-Client";
				PRODUCT_NAME = "$(TARGET_NAME)";
				SWIFT_VERSION = 3.0;
			};
			name = Debug;
		};
		F2BA90731E803F5800FC9B22 /* Release */ = {
			isa = XCBuildConfiguration;
			buildSettings = {
				ASSETCATALOG_COMPILER_APPICON_NAME = AppIcon;
				DEVELOPMENT_TEAM = YRM5N9P8B5;
				INFOPLIST_FILE = "Twitter-Client/Info.plist";
				LD_RUNPATH_SEARCH_PATHS = "$(inherited) @executable_path/Frameworks";
				PRODUCT_BUNDLE_IDENTIFIER = "com.annietonnu.Twitter-Client";
				PRODUCT_NAME = "$(TARGET_NAME)";
				SWIFT_VERSION = 3.0;
			};
			name = Release;
		};
/* End XCBuildConfiguration section */

/* Begin XCConfigurationList section */
		F2BA905A1E803F5700FC9B22 /* Build configuration list for PBXProject "Twitter-Client" */ = {
			isa = XCConfigurationList;
			buildConfigurations = (
				F2BA906F1E803F5800FC9B22 /* Debug */,
				F2BA90701E803F5800FC9B22 /* Release */,
			);
			defaultConfigurationIsVisible = 0;
			defaultConfigurationName = Release;
		};
		F2BA90711E803F5800FC9B22 /* Build configuration list for PBXNativeTarget "Twitter-Client" */ = {
			isa = XCConfigurationList;
			buildConfigurations = (
				F2BA90721E803F5800FC9B22 /* Debug */,
				F2BA90731E803F5800FC9B22 /* Release */,
			);
			defaultConfigurationIsVisible = 0;
			defaultConfigurationName = Release;
		};
/* End XCConfigurationList section */
	};
	rootObject = F2BA90571E803F5700FC9B22 /* Project object */;
}
